
Microsoft Visual Studio Solution File, Format Version 12.00
# Visual Studio 15
VisualStudioVersion = 15.0.27703.2042
MinimumVisualStudioVersion = 10.0.40219.1
Project("{FAE04EC0-301F-11D3-BF4B-00C04F79EFBC}") = "AudioProcessor", "ConsoleApp2\AudioProcessor.csproj", "{75D2084F-BA5C-4102-9794-DF57BCDBDBC4}"
EndProject
Global
	GlobalSection(SolutionConfigurationPlatforms) = preSolution
		Debug|Any CPU = Debug|Any CPU
		Release|Any CPU = Release|Any CPU
	EndGlobalSection
	GlobalSection(ProjectConfigurationPlatforms) = postSolution
		{75D2084F-BA5C-4102-9794-DF57BCDBDBC4}.Debug|Any CPU.ActiveCfg = Debug|Any CPU
		{75D2084F-BA5C-4102-9794-DF57BCDBDBC4}.Debug|Any CPU.Build.0 = Debug|Any CPU
		{75D2084F-BA5C-4102-9794-DF57BCDBDBC4}.Release|Any CPU.ActiveCfg = Release|Any CPU
		{75D2084F-BA5C-4102-9794-DF57BCDBDBC4}.Release|Any CPU.Build.0 = Release|Any CPU
	EndGlobalSection
	GlobalSection(SolutionProperties) = preSolution
		HideSolutionNode = FALSE
	EndGlobalSection
	GlobalSection(ExtensibilityGlobals) = postSolution
		SolutionGuid = {F8DC6756-4CC8-4B5A-87A2-ACBD4FC9FEE4}
	EndGlobalSection
EndGlobal
